{
  "version": 4,
  "terraform_version": "0.13.5",
  "serial": 22,
  "lineage": "87004150-e656-12b7-54df-dcb53cefc607",
  "outputs": {
    "master_instance_public_ip": {
      "value": "65.0.102.91",
      "type": "string"
    },
    "node_token": {
      "value": "K10edd9b4984f8d1638509daaaecc5771b82ea6d6c2375e38d5c750d4f376c93d14::server:randomstring123",
      "type": "string"
    }
  },
  "resources": [
    {
      "mode": "data",
      "type": "aws_iam_instance_profile",
      "name": "master_profile",
      "provider": "provider[\"registry.terraform.io/hashicorp/aws\"]",
      "instances": [
        {
          "schema_version": 0,
          "attributes": {
            "arn": "arn:aws:iam::186492513069:instance-profile/k3s-master-role-profile",
            "create_date": "2020-11-23 17:19:42 +0000 UTC",
            "id": "AIPASW26R5MWTVK7PY2A3",
            "name": "k3s-master-role-profile",
            "path": "/",
            "role_arn": "arn:aws:iam::186492513069:role/k3s-master-role",
            "role_id": "AROASW26R5MWRZLCM4TPM",
            "role_name": "k3s-master-role"
          }
        }
      ]
    },
    {
      "mode": "data",
      "type": "aws_subnet",
      "name": "public_subnet_1",
      "provider": "provider[\"registry.terraform.io/hashicorp/aws\"]",
      "instances": [
        {
          "schema_version": 0,
          "attributes": {
            "arn": "arn:aws:ec2:ap-south-1:186492513069:subnet/subnet-022cd6511d5315cae",
            "assign_ipv6_address_on_creation": false,
            "availability_zone": "ap-south-1a",
            "availability_zone_id": "aps1-az1",
            "cidr_block": "10.0.101.0/24",
            "default_for_az": false,
            "filter": null,
            "id": "subnet-022cd6511d5315cae",
            "ipv6_cidr_block": null,
            "ipv6_cidr_block_association_id": null,
            "map_public_ip_on_launch": true,
            "outpost_arn": "",
            "owner_id": "186492513069",
            "state": "available",
            "tags": {
              "Environment": "dev",
              "KubernetesCluster": "k3s-demo",
              "Name": "dev-vpc",
              "Terraform": "true",
              "kubernetes.io/cluster/k3s-demo": "owned"
            },
            "vpc_id": "vpc-0d2bdcf3335e32c69"
          }
        }
      ]
    },
    {
      "mode": "managed",
      "type": "aws_instance",
      "name": "master-node-12",
      "provider": "provider[\"registry.terraform.io/hashicorp/aws\"]",
      "instances": [
        {
          "schema_version": 1,
          "attributes": {
            "ami": "ami-026669ec456129a70",
            "arn": "arn:aws:ec2:ap-south-1:186492513069:instance/i-07eba28df491e31e5",
            "associate_public_ip_address": true,
            "availability_zone": "ap-south-1a",
            "cpu_core_count": 1,
            "cpu_threads_per_core": 2,
            "credit_specification": [
              {
                "cpu_credits": "unlimited"
              }
            ],
            "disable_api_termination": false,
            "ebs_block_device": [],
            "ebs_optimized": false,
            "ephemeral_block_device": [],
            "get_password_data": false,
            "hibernation": false,
            "host_id": null,
            "iam_instance_profile": "k3s-master-role-profile",
            "id": "i-07eba28df491e31e5",
            "instance_initiated_shutdown_behavior": null,
            "instance_state": "running",
            "instance_type": "t3a.large",
            "ipv6_address_count": 0,
            "ipv6_addresses": [],
            "key_name": "deployer-key",
            "metadata_options": [
              {
                "http_endpoint": "enabled",
                "http_put_response_hop_limit": 1,
                "http_tokens": "optional"
              }
            ],
            "monitoring": false,
            "network_interface": [],
            "outpost_arn": "",
            "password_data": "",
            "placement_group": "",
            "primary_network_interface_id": "eni-02c03bf3b2f5d640e",
            "private_dns": "ip-10-0-101-26.ap-south-1.compute.internal",
            "private_ip": "10.0.101.26",
            "public_dns": "ec2-65-0-102-91.ap-south-1.compute.amazonaws.com",
            "public_ip": "65.0.102.91",
            "root_block_device": [
              {
                "delete_on_termination": true,
                "device_name": "/dev/xvda",
                "encrypted": false,
                "iops": 100,
                "kms_key_id": "",
                "volume_id": "vol-0f3258693e30e3c48",
                "volume_size": 8,
                "volume_type": "gp2"
              }
            ],
            "secondary_private_ips": [],
            "security_groups": [],
            "source_dest_check": true,
            "subnet_id": "subnet-022cd6511d5315cae",
            "tags": {
              "Environment": "dev",
              "KubernetesCluster": "k3s-demo",
              "Name": "master-1",
              "Terraform": "true",
              "kubernetes.io/cluster/k3s-demo": "owned",
              "kubernetes.io/role": "master"
            },
            "tenancy": "default",
            "timeouts": null,
            "user_data": "1745103abd1cf251bffb185a48c6dae85e4577b3",
            "user_data_base64": null,
            "volume_tags": {},
            "vpc_security_group_ids": [
              "sg-03126ce20de74a7e6"
            ]
          },
          "private": "eyJlMmJmYjczMC1lY2FhLTExZTYtOGY4OC0zNDM2M2JjN2M0YzAiOnsiY3JlYXRlIjo2MDAwMDAwMDAwMDAsImRlbGV0ZSI6MTIwMDAwMDAwMDAwMCwidXBkYXRlIjo2MDAwMDAwMDAwMDB9LCJzY2hlbWFfdmVyc2lvbiI6IjEifQ==",
          "dependencies": [
            "aws_key_pair.deployer",
            "data.aws_iam_instance_profile.master_profile",
            "data.aws_subnet.public_subnet_1"
          ]
        }
      ]
    },
    {
      "mode": "managed",
      "type": "aws_key_pair",
      "name": "deployer",
      "provider": "provider[\"registry.terraform.io/hashicorp/aws\"]",
      "instances": [
        {
          "schema_version": 1,
          "attributes": {
            "arn": "arn:aws:ec2:ap-south-1:186492513069:key-pair/deployer-key",
            "fingerprint": "4b:f8:89:e1:15:67:05:79:6f:a0:27:f4:eb:79:fc:f0",
            "id": "deployer-key",
            "key_name": "deployer-key",
            "key_name_prefix": null,
            "key_pair_id": "key-0498987f193410519",
            "public_key": "ssh-rsa AAAAB3NzaC1yc2EAAAADAQABAAABAQDH54PXBuS4cZVGfoyFJc6BXkOyI1qNGEaNFlU6CUZhuKMI+byoONIAgpTxQHGhNkxwS3d1CFt+PwM0OzczGoyv10nOIw+OyqSuy9UyH7BNJ42t+c8II+KR0akfqKM6kFDrS6e21c376vE0btd1RWnPSxiLMqAkHmKqFT8QePx13Aj/G0dnofDy+T6ira/Jp5tbAHT/dEkBdFQEBWhWefmFj6OmNvb753TyCsnjSoCKdxYptLWThMciZgqLWWpsaghR6Oecxv08zebhR9lCM15ZYwAyXumL0BQSjeDSs2TiMGbbdkBZi1jf/hPZrvnEDCvIWrF1DGkiTW7TEH10OC9l baba@Hackbox",
            "tags": null
          },
          "private": "eyJzY2hlbWFfdmVyc2lvbiI6IjEifQ=="
        }
      ]
    },
    {
      "mode": "managed",
      "type": "null_resource",
      "name": "copy-kubeconfig",
      "provider": "provider[\"registry.terraform.io/hashicorp/null\"]",
      "instances": [
        {
          "schema_version": 0,
          "attributes": {
            "id": "6570960969133064530",
            "triggers": null
          },
          "private": "bnVsbA==",
          "dependencies": [
            "aws_instance.master-node-12",
            "aws_key_pair.deployer",
            "data.aws_iam_instance_profile.master_profile",
            "data.aws_subnet.public_subnet_1",
            "null_resource.echo_master_ip"
          ]
        }
      ]
    },
    {
      "mode": "managed",
      "type": "null_resource",
      "name": "copy-nodetoken",
      "provider": "provider[\"registry.terraform.io/hashicorp/null\"]",
      "instances": [
        {
          "schema_version": 0,
          "attributes": {
            "id": "1941965420922546335",
            "triggers": null
          },
          "private": "bnVsbA==",
          "dependencies": [
            "aws_instance.master-node-12",
            "aws_key_pair.deployer",
            "data.aws_iam_instance_profile.master_profile",
            "data.aws_subnet.public_subnet_1",
            "null_resource.echo_master_ip"
          ]
        }
      ]
    },
    {
      "mode": "managed",
      "type": "null_resource",
      "name": "echo_master_ip",
      "provider": "provider[\"registry.terraform.io/hashicorp/null\"]",
      "instances": [
        {
          "schema_version": 0,
          "attributes": {
            "id": "5133469610414746877",
            "triggers": null
          },
          "private": "bnVsbA==",
          "dependencies": [
            "aws_instance.master-node-12",
            "aws_key_pair.deployer",
            "data.aws_iam_instance_profile.master_profile",
            "data.aws_subnet.public_subnet_1"
          ]
        }
      ]
    }
  ]
}
